// !$*UTF8*$!
{
	archiveVersion = 1;
	classes = {
	};
	objectVersion = 55;
	objects = {

/* Begin PBXBuildFile section */
		7F2841AE28AE1EE800AB0DB7 /* AnchorGroup.swift in Sources */ = {isa = PBXBuildFile; fileRef = 7F2841AD28AE1EE800AB0DB7 /* AnchorGroup.swift */; };
		7F2841B028AE2D5B00AB0DB7 /* AnchorModel.swift in Sources */ = {isa = PBXBuildFile; fileRef = 7F2841AF28AE2D5B00AB0DB7 /* AnchorModel.swift */; };
		7F29B81628B4B3F20003BFEE /* GameViewModel.swift in Sources */ = {isa = PBXBuildFile; fileRef = 7F29B81528B4B3F20003BFEE /* GameViewModel.swift */; };
		7F29B81828B4B6170003BFEE /* GameModel.swift in Sources */ = {isa = PBXBuildFile; fileRef = 7F29B81728B4B6170003BFEE /* GameModel.swift */; };
		7F29B81A28B4BEAE0003BFEE /* GameHeaderView.swift in Sources */ = {isa = PBXBuildFile; fileRef = 7F29B81928B4BEAE0003BFEE /* GameHeaderView.swift */; };
		7F40D96B28ACE7470071E4C2 /* PrettyCellView.swift in Sources */ = {isa = PBXBuildFile; fileRef = 7F40D96A28ACE7470071E4C2 /* PrettyCellView.swift */; };
		7F40D96E28ADDDEA0071E4C2 /* RecommenViewModel.swift in Sources */ = {isa = PBXBuildFile; fileRef = 7F40D96D28ADDDEA0071E4C2 /* RecommenViewModel.swift */; };
		7F40D97028ADDE650071E4C2 /* NetWorkTools.swift in Sources */ = {isa = PBXBuildFile; fileRef = 7F40D96F28ADDE650071E4C2 /* NetWorkTools.swift */; };
		7F40D97228ADE3170071E4C2 /* NSDate_extension.swift in Sources */ = {isa = PBXBuildFile; fileRef = 7F40D97128ADE3170071E4C2 /* NSDate_extension.swift */; };
		7F74928828AC9072004700F1 /* RecommendViewController.swift in Sources */ = {isa = PBXBuildFile; fileRef = 7F74928728AC9072004700F1 /* RecommendViewController.swift */; };
		7F74928A28ACB8A4004700F1 /* CollectionHeaderView.swift in Sources */ = {isa = PBXBuildFile; fileRef = 7F74928928ACB8A4004700F1 /* CollectionHeaderView.swift */; };
		7F8437B528B3150C00E87492 /* RecommendCycleView.swift in Sources */ = {isa = PBXBuildFile; fileRef = 7F8437B428B3150C00E87492 /* RecommendCycleView.swift */; };
		7F8437B728B32CC600E87492 /* CycleViewModel.swift in Sources */ = {isa = PBXBuildFile; fileRef = 7F8437B628B32CC600E87492 /* CycleViewModel.swift */; };
		7F8437B928B34F7300E87492 /* CycleViewCell.swift in Sources */ = {isa = PBXBuildFile; fileRef = 7F8437B828B34F7300E87492 /* CycleViewCell.swift */; };
		7F8437BB28B36B6A00E87492 /* GameRecommenView.swift in Sources */ = {isa = PBXBuildFile; fileRef = 7F8437BA28B36B6A00E87492 /* GameRecommenView.swift */; };
		7F8437BD28B377F200E87492 /* GameViewCell.swift in Sources */ = {isa = PBXBuildFile; fileRef = 7F8437BC28B377F200E87492 /* GameViewCell.swift */; };
		7F8484FB28ACCB42008DEDEF /* NormalCellView.swift in Sources */ = {isa = PBXBuildFile; fileRef = 7F8484FA28ACCB42008DEDEF /* NormalCellView.swift */; };
		7F8C652228AB33DE006A9669 /* PageTitleView.swift in Sources */ = {isa = PBXBuildFile; fileRef = 7F8C652128AB33DE006A9669 /* PageTitleView.swift */; };
		7F8C652428AB36C3006A9669 /* Common.swift in Sources */ = {isa = PBXBuildFile; fileRef = 7F8C652328AB36C3006A9669 /* Common.swift */; };
		7F8C652628AB6BBC006A9669 /* PageContentView.swift in Sources */ = {isa = PBXBuildFile; fileRef = 7F8C652528AB6BBC006A9669 /* PageContentView.swift */; };
		7FA389C528A9EAEA006BB643 /* AppDelegate.swift in Sources */ = {isa = PBXBuildFile; fileRef = 7FA389C428A9EAEA006BB643 /* AppDelegate.swift */; };
		7FA389C728A9EAEA006BB643 /* SceneDelegate.swift in Sources */ = {isa = PBXBuildFile; fileRef = 7FA389C628A9EAEA006BB643 /* SceneDelegate.swift */; };
		7FA389CC28A9EAEA006BB643 /* Main.storyboard in Resources */ = {isa = PBXBuildFile; fileRef = 7FA389CA28A9EAEA006BB643 /* Main.storyboard */; };
		7FA389CE28A9EAEA006BB643 /* Assets.xcassets in Resources */ = {isa = PBXBuildFile; fileRef = 7FA389CD28A9EAEA006BB643 /* Assets.xcassets */; };
		7FA389D128A9EAEA006BB643 /* LaunchScreen.storyboard in Resources */ = {isa = PBXBuildFile; fileRef = 7FA389CF28A9EAEA006BB643 /* LaunchScreen.storyboard */; };
		7FA389DC28A9EAEA006BB643 /* ZB_project01Tests.swift in Sources */ = {isa = PBXBuildFile; fileRef = 7FA389DB28A9EAEA006BB643 /* ZB_project01Tests.swift */; };
		7FA389E628A9EAEA006BB643 /* ZB_project01UITests.swift in Sources */ = {isa = PBXBuildFile; fileRef = 7FA389E528A9EAEA006BB643 /* ZB_project01UITests.swift */; };
		7FA389E828A9EAEA006BB643 /* ZB_project01UITestsLaunchTests.swift in Sources */ = {isa = PBXBuildFile; fileRef = 7FA389E728A9EAEA006BB643 /* ZB_project01UITestsLaunchTests.swift */; };
		7FAE1B9B28B4A71400CFA94F /* GameViewController.swift in Sources */ = {isa = PBXBuildFile; fileRef = 7FAE1B9A28B4A71400CFA94F /* GameViewController.swift */; };
		7FE59D8728AA2C4B009F4B6C /* TabBarMainController.swift in Sources */ = {isa = PBXBuildFile; fileRef = 7FE59D8628AA2C4B009F4B6C /* TabBarMainController.swift */; };
		7FE59D8928AA2EFB009F4B6C /* HomeController.swift in Sources */ = {isa = PBXBuildFile; fileRef = 7FE59D8828AA2EFB009F4B6C /* HomeController.swift */; };
		7FE59D8B28AA2F1A009F4B6C /* LiveController.swift in Sources */ = {isa = PBXBuildFile; fileRef = 7FE59D8A28AA2F1A009F4B6C /* LiveController.swift */; };
		7FE59D8D28AA2F40009F4B6C /* FollowController.swift in Sources */ = {isa = PBXBuildFile; fileRef = 7FE59D8C28AA2F40009F4B6C /* FollowController.swift */; };
		7FE59D8F28AA2F58009F4B6C /* ProfileController.swift in Sources */ = {isa = PBXBuildFile; fileRef = 7FE59D8E28AA2F58009F4B6C /* ProfileController.swift */; };
		7FE59D9828AA4DE8009F4B6C /* UIBarButtomItem_exstension.swift in Sources */ = {isa = PBXBuildFile; fileRef = 7FE59D9728AA4DE8009F4B6C /* UIBarButtomItem_exstension.swift */; };
		B35F4197F589D5B11B9F6632 /* libPods-ZB_project01.a in Frameworks */ = {isa = PBXBuildFile; fileRef = D1CC1A2FB1239EC1D098F2BF /* libPods-ZB_project01.a */; };
/* End PBXBuildFile section */

/* Begin PBXContainerItemProxy section */
		7FA389D828A9EAEA006BB643 /* PBXContainerItemProxy */ = {
			isa = PBXContainerItemProxy;
			containerPortal = 7FA389B928A9EAEA006BB643 /* Project object */;
			proxyType = 1;
			remoteGlobalIDString = 7FA389C028A9EAEA006BB643;
			remoteInfo = ZB_project01;
		};
		7FA389E228A9EAEA006BB643 /* PBXContainerItemProxy */ = {
			isa = PBXContainerItemProxy;
			containerPortal = 7FA389B928A9EAEA006BB643 /* Project object */;
			proxyType = 1;
			remoteGlobalIDString = 7FA389C028A9EAEA006BB643;
			remoteInfo = ZB_project01;
		};
/* End PBXContainerItemProxy section */

/* Begin PBXFileReference section */
		20C827AFC31BFBF207C5789D /* Pods-ZB_project01.debug.xcconfig */ = {isa = PBXFileReference; includeInIndex = 1; lastKnownFileType = text.xcconfig; name = "Pods-ZB_project01.debug.xcconfig"; path = "Target Support Files/Pods-ZB_project01/Pods-ZB_project01.debug.xcconfig"; sourceTree = "<group>"; };
		4D93FE9D60501A9ABEB58F88 /* Pods-ZB_project01.release.xcconfig */ = {isa = PBXFileReference; includeInIndex = 1; lastKnownFileType = text.xcconfig; name = "Pods-ZB_project01.release.xcconfig"; path = "Target Support Files/Pods-ZB_project01/Pods-ZB_project01.release.xcconfig"; sourceTree = "<group>"; };
		7F2841AD28AE1EE800AB0DB7 /* AnchorGroup.swift */ = {isa = PBXFileReference; lastKnownFileType = sourcecode.swift; path = AnchorGroup.swift; sourceTree = "<group>"; };
		7F2841AF28AE2D5B00AB0DB7 /* AnchorModel.swift */ = {isa = PBXFileReference; lastKnownFileType = sourcecode.swift; path = AnchorModel.swift; sourceTree = "<group>"; };
		7F29B81528B4B3F20003BFEE /* GameViewModel.swift */ = {isa = PBXFileReference; lastKnownFileType = sourcecode.swift; path = GameViewModel.swift; sourceTree = "<group>"; };
		7F29B81728B4B6170003BFEE /* GameModel.swift */ = {isa = PBXFileReference; lastKnownFileType = sourcecode.swift; path = GameModel.swift; sourceTree = "<group>"; };
		7F29B81928B4BEAE0003BFEE /* GameHeaderView.swift */ = {isa = PBXFileReference; lastKnownFileType = sourcecode.swift; path = GameHeaderView.swift; sourceTree = "<group>"; };
		7F40D96A28ACE7470071E4C2 /* PrettyCellView.swift */ = {isa = PBXFileReference; lastKnownFileType = sourcecode.swift; path = PrettyCellView.swift; sourceTree = "<group>"; };
		7F40D96D28ADDDEA0071E4C2 /* RecommenViewModel.swift */ = {isa = PBXFileReference; lastKnownFileType = sourcecode.swift; path = RecommenViewModel.swift; sourceTree = "<group>"; };
		7F40D96F28ADDE650071E4C2 /* NetWorkTools.swift */ = {isa = PBXFileReference; lastKnownFileType = sourcecode.swift; name = NetWorkTools.swift; path = ZB_project01/Classes/Tools/NetWorkTools.swift; sourceTree = SOURCE_ROOT; };
		7F40D97128ADE3170071E4C2 /* NSDate_extension.swift */ = {isa = PBXFileReference; lastKnownFileType = sourcecode.swift; path = NSDate_extension.swift; sourceTree = "<group>"; };
		7F74928728AC9072004700F1 /* RecommendViewController.swift */ = {isa = PBXFileReference; lastKnownFileType = sourcecode.swift; path = RecommendViewController.swift; sourceTree = "<group>"; };
		7F74928928ACB8A4004700F1 /* CollectionHeaderView.swift */ = {isa = PBXFileReference; lastKnownFileType = sourcecode.swift; path = CollectionHeaderView.swift; sourceTree = "<group>"; };
		7F8437B428B3150C00E87492 /* RecommendCycleView.swift */ = {isa = PBXFileReference; lastKnownFileType = sourcecode.swift; path = RecommendCycleView.swift; sourceTree = "<group>"; };
		7F8437B628B32CC600E87492 /* CycleViewModel.swift */ = {isa = PBXFileReference; lastKnownFileType = sourcecode.swift; path = CycleViewModel.swift; sourceTree = "<group>"; };
		7F8437B828B34F7300E87492 /* CycleViewCell.swift */ = {isa = PBXFileReference; lastKnownFileType = sourcecode.swift; path = CycleViewCell.swift; sourceTree = "<group>"; };
		7F8437BA28B36B6A00E87492 /* GameRecommenView.swift */ = {isa = PBXFileReference; lastKnownFileType = sourcecode.swift; path = GameRecommenView.swift; sourceTree = "<group>"; };
		7F8437BC28B377F200E87492 /* GameViewCell.swift */ = {isa = PBXFileReference; lastKnownFileType = sourcecode.swift; path = GameViewCell.swift; sourceTree = "<group>"; };
		7F8484FA28ACCB42008DEDEF /* NormalCellView.swift */ = {isa = PBXFileReference; lastKnownFileType = sourcecode.swift; path = NormalCellView.swift; sourceTree = "<group>"; };
		7F8C652128AB33DE006A9669 /* PageTitleView.swift */ = {isa = PBXFileReference; lastKnownFileType = sourcecode.swift; path = PageTitleView.swift; sourceTree = "<group>"; };
		7F8C652328AB36C3006A9669 /* Common.swift */ = {isa = PBXFileReference; lastKnownFileType = sourcecode.swift; path = Common.swift; sourceTree = "<group>"; };
		7F8C652528AB6BBC006A9669 /* PageContentView.swift */ = {isa = PBXFileReference; lastKnownFileType = sourcecode.swift; path = PageContentView.swift; sourceTree = "<group>"; };
		7FA389C128A9EAEA006BB643 /* ZB_project01.app */ = {isa = PBXFileReference; explicitFileType = wrapper.application; includeInIndex = 0; path = ZB_project01.app; sourceTree = BUILT_PRODUCTS_DIR; };
		7FA389C428A9EAEA006BB643 /* AppDelegate.swift */ = {isa = PBXFileReference; lastKnownFileType = sourcecode.swift; path = AppDelegate.swift; sourceTree = "<group>"; };
		7FA389C628A9EAEA006BB643 /* SceneDelegate.swift */ = {isa = PBXFileReference; lastKnownFileType = sourcecode.swift; path = SceneDelegate.swift; sourceTree = "<group>"; };
		7FA389CB28A9EAEA006BB643 /* Base */ = {isa = PBXFileReference; lastKnownFileType = file.storyboard; name = Base; path = Base.lproj/Main.storyboard; sourceTree = "<group>"; };
		7FA389CD28A9EAEA006BB643 /* Assets.xcassets */ = {isa = PBXFileReference; lastKnownFileType = folder.assetcatalog; path = Assets.xcassets; sourceTree = "<group>"; };
		7FA389D028A9EAEA006BB643 /* Base */ = {isa = PBXFileReference; lastKnownFileType = file.storyboard; name = Base; path = Base.lproj/LaunchScreen.storyboard; sourceTree = "<group>"; };
		7FA389D228A9EAEA006BB643 /* Info.plist */ = {isa = PBXFileReference; lastKnownFileType = text.plist.xml; path = Info.plist; sourceTree = "<group>"; };
		7FA389D728A9EAEA006BB643 /* ZB_project01Tests.xctest */ = {isa = PBXFileReference; explicitFileType = wrapper.cfbundle; includeInIndex = 0; path = ZB_project01Tests.xctest; sourceTree = BUILT_PRODUCTS_DIR; };
		7FA389DB28A9EAEA006BB643 /* ZB_project01Tests.swift */ = {isa = PBXFileReference; lastKnownFileType = sourcecode.swift; path = ZB_project01Tests.swift; sourceTree = "<group>"; };
		7FA389E128A9EAEA006BB643 /* ZB_project01UITests.xctest */ = {isa = PBXFileReference; explicitFileType = wrapper.cfbundle; includeInIndex = 0; path = ZB_project01UITests.xctest; sourceTree = BUILT_PRODUCTS_DIR; };
		7FA389E528A9EAEA006BB643 /* ZB_project01UITests.swift */ = {isa = PBXFileReference; lastKnownFileType = sourcecode.swift; path = ZB_project01UITests.swift; sourceTree = "<group>"; };
		7FA389E728A9EAEA006BB643 /* ZB_project01UITestsLaunchTests.swift */ = {isa = PBXFileReference; lastKnownFileType = sourcecode.swift; path = ZB_project01UITestsLaunchTests.swift; sourceTree = "<group>"; };
		7FAE1B9A28B4A71400CFA94F /* GameViewController.swift */ = {isa = PBXFileReference; lastKnownFileType = sourcecode.swift; path = GameViewController.swift; sourceTree = "<group>"; };
		7FE59D8628AA2C4B009F4B6C /* TabBarMainController.swift */ = {isa = PBXFileReference; lastKnownFileType = sourcecode.swift; path = TabBarMainController.swift; sourceTree = "<group>"; };
		7FE59D8828AA2EFB009F4B6C /* HomeController.swift */ = {isa = PBXFileReference; lastKnownFileType = sourcecode.swift; path = HomeController.swift; sourceTree = "<group>"; };
		7FE59D8A28AA2F1A009F4B6C /* LiveController.swift */ = {isa = PBXFileReference; lastKnownFileType = sourcecode.swift; path = LiveController.swift; sourceTree = "<group>"; };
		7FE59D8C28AA2F40009F4B6C /* FollowController.swift */ = {isa = PBXFileReference; lastKnownFileType = sourcecode.swift; path = FollowController.swift; sourceTree = "<group>"; };
		7FE59D8E28AA2F58009F4B6C /* ProfileController.swift */ = {isa = PBXFileReference; lastKnownFileType = sourcecode.swift; path = ProfileController.swift; sourceTree = "<group>"; };
		7FE59D9728AA4DE8009F4B6C /* UIBarButtomItem_exstension.swift */ = {isa = PBXFileReference; lastKnownFileType = sourcecode.swift; path = UIBarButtomItem_exstension.swift; sourceTree = "<group>"; };
		D1CC1A2FB1239EC1D098F2BF /* libPods-ZB_project01.a */ = {isa = PBXFileReference; explicitFileType = archive.ar; includeInIndex = 0; path = "libPods-ZB_project01.a"; sourceTree = BUILT_PRODUCTS_DIR; };
/* End PBXFileReference section */

/* Begin PBXFrameworksBuildPhase section */
		7FA389BE28A9EAEA006BB643 /* Frameworks */ = {
			isa = PBXFrameworksBuildPhase;
			buildActionMask = 2147483647;
			files = (
				B35F4197F589D5B11B9F6632 /* libPods-ZB_project01.a in Frameworks */,
			);
			runOnlyForDeploymentPostprocessing = 0;
		};
		7FA389D428A9EAEA006BB643 /* Frameworks */ = {
			isa = PBXFrameworksBuildPhase;
			buildActionMask = 2147483647;
			files = (
			);
			runOnlyForDeploymentPostprocessing = 0;
		};
		7FA389DE28A9EAEA006BB643 /* Frameworks */ = {
			isa = PBXFrameworksBuildPhase;
			buildActionMask = 2147483647;
			files = (
			);
			runOnlyForDeploymentPostprocessing = 0;
		};
/* End PBXFrameworksBuildPhase section */

/* Begin PBXGroup section */
		2E2813F88A43FB8E01D5B03F /* Frameworks */ = {
			isa = PBXGroup;
			children = (
				D1CC1A2FB1239EC1D098F2BF /* libPods-ZB_project01.a */,
			);
			name = Frameworks;
			sourceTree = "<group>";
		};
		7F40D96C28ADDDAC0071E4C2 /* ViewModel */ = {
			isa = PBXGroup;
			children = (
				7F40D96D28ADDDEA0071E4C2 /* RecommenViewModel.swift */,
				7F29B81528B4B3F20003BFEE /* GameViewModel.swift */,
			);
			path = ViewModel;
			sourceTree = "<group>";
		};
		7FA389B828A9EAEA006BB643 = {
			isa = PBXGroup;
			children = (
				7FA389C328A9EAEA006BB643 /* ZB_project01 */,
				7FA389DA28A9EAEA006BB643 /* ZB_project01Tests */,
				7FA389E428A9EAEA006BB643 /* ZB_project01UITests */,
				7FA389C228A9EAEA006BB643 /* Products */,
				A7DA47D3884CDA323740A0E3 /* Pods */,
				2E2813F88A43FB8E01D5B03F /* Frameworks */,
			);
			sourceTree = "<group>";
		};
		7FA389C228A9EAEA006BB643 /* Products */ = {
			isa = PBXGroup;
			children = (
				7FA389C128A9EAEA006BB643 /* ZB_project01.app */,
				7FA389D728A9EAEA006BB643 /* ZB_project01Tests.xctest */,
				7FA389E128A9EAEA006BB643 /* ZB_project01UITests.xctest */,
			);
			name = Products;
			sourceTree = "<group>";
		};
		7FA389C328A9EAEA006BB643 /* ZB_project01 */ = {
			isa = PBXGroup;
			children = (
				7FA389C428A9EAEA006BB643 /* AppDelegate.swift */,
				7FA389C628A9EAEA006BB643 /* SceneDelegate.swift */,
				7FE59D7D28AA2725009F4B6C /* Classes */,
				7FA389CD28A9EAEA006BB643 /* Assets.xcassets */,
				7FA389CA28A9EAEA006BB643 /* Main.storyboard */,
				7FA389CF28A9EAEA006BB643 /* LaunchScreen.storyboard */,
				7FA389D228A9EAEA006BB643 /* Info.plist */,
			);
			path = ZB_project01;
			sourceTree = "<group>";
		};
		7FA389DA28A9EAEA006BB643 /* ZB_project01Tests */ = {
			isa = PBXGroup;
			children = (
				7FA389DB28A9EAEA006BB643 /* ZB_project01Tests.swift */,
			);
			path = ZB_project01Tests;
			sourceTree = "<group>";
		};
		7FA389E428A9EAEA006BB643 /* ZB_project01UITests */ = {
			isa = PBXGroup;
			children = (
				7FA389E528A9EAEA006BB643 /* ZB_project01UITests.swift */,
				7FA389E728A9EAEA006BB643 /* ZB_project01UITestsLaunchTests.swift */,
			);
			path = ZB_project01UITests;
			sourceTree = "<group>";
		};
		7FE59D7D28AA2725009F4B6C /* Classes */ = {
			isa = PBXGroup;
			children = (
				7FE59D8528AA2795009F4B6C /* Tools */,
				7FE59D7E28AA2725009F4B6C /* Home */,
				7FE59D8328AA2725009F4B6C /* Main */,
				7FE59D8128AA2725009F4B6C /* Profile */,
				7FE59D8028AA2725009F4B6C /* Follow */,
				7FE59D8228AA2725009F4B6C /* Live */,
			);
			path = Classes;
			sourceTree = "<group>";
		};
		7FE59D7E28AA2725009F4B6C /* Home */ = {
			isa = PBXGroup;
			children = (
				7F40D96C28ADDDAC0071E4C2 /* ViewModel */,
				7FE59D9028AA3724009F4B6C /* Model */,
				7FE59D9128AA3724009F4B6C /* View */,
				7FE59D9228AA3724009F4B6C /* Controller */,
			);
			path = Home;
			sourceTree = "<group>";
		};
		7FE59D8028AA2725009F4B6C /* Follow */ = {
			isa = PBXGroup;
			children = (
				7FE59D8C28AA2F40009F4B6C /* FollowController.swift */,
			);
			path = Follow;
			sourceTree = "<group>";
		};
		7FE59D8128AA2725009F4B6C /* Profile */ = {
			isa = PBXGroup;
			children = (
				7FE59D8E28AA2F58009F4B6C /* ProfileController.swift */,
			);
			path = Profile;
			sourceTree = "<group>";
		};
		7FE59D8228AA2725009F4B6C /* Live */ = {
			isa = PBXGroup;
			children = (
				7FE59D8A28AA2F1A009F4B6C /* LiveController.swift */,
			);
			path = Live;
			sourceTree = "<group>";
		};
		7FE59D8328AA2725009F4B6C /* Main */ = {
			isa = PBXGroup;
			children = (
				7FE59D9328AA3751009F4B6C /* Model */,
				7FE59D9428AA3751009F4B6C /* View */,
				7FE59D9528AA3751009F4B6C /* Controller */,
			);
			path = Main;
			sourceTree = "<group>";
		};
		7FE59D8528AA2795009F4B6C /* Tools */ = {
			isa = PBXGroup;
			children = (
				7FE59D9628AA4DC3009F4B6C /* extension */,
				7F8C652328AB36C3006A9669 /* Common.swift */,
				7F40D96F28ADDE650071E4C2 /* NetWorkTools.swift */,
			);
			path = Tools;
			sourceTree = "<group>";
		};
		7FE59D9028AA3724009F4B6C /* Model */ = {
			isa = PBXGroup;
			children = (
				7F8437B628B32CC600E87492 /* CycleViewModel.swift */,
				7F29B81728B4B6170003BFEE /* GameModel.swift */,
			);
			path = Model;
			sourceTree = "<group>";
		};
		7FE59D9128AA3724009F4B6C /* View */ = {
			isa = PBXGroup;
			children = (
				7F74928928ACB8A4004700F1 /* CollectionHeaderView.swift */,
				7F8437B428B3150C00E87492 /* RecommendCycleView.swift */,
				7F8437B828B34F7300E87492 /* CycleViewCell.swift */,
				7F8437BA28B36B6A00E87492 /* GameRecommenView.swift */,
				7F8437BC28B377F200E87492 /* GameViewCell.swift */,
				7F29B81928B4BEAE0003BFEE /* GameHeaderView.swift */,
			);
			path = View;
			sourceTree = "<group>";
		};
		7FE59D9228AA3724009F4B6C /* Controller */ = {
			isa = PBXGroup;
			children = (
				7FAE1B9A28B4A71400CFA94F /* GameViewController.swift */,
				7FE59D8828AA2EFB009F4B6C /* HomeController.swift */,
				7F74928728AC9072004700F1 /* RecommendViewController.swift */,
			);
			path = Controller;
			sourceTree = "<group>";
		};
		7FE59D9328AA3751009F4B6C /* Model */ = {
			isa = PBXGroup;
			children = (
				7F2841AD28AE1EE800AB0DB7 /* AnchorGroup.swift */,
				7F2841AF28AE2D5B00AB0DB7 /* AnchorModel.swift */,
			);
			path = Model;
			sourceTree = "<group>";
		};
		7FE59D9428AA3751009F4B6C /* View */ = {
			isa = PBXGroup;
			children = (
				7F8C652128AB33DE006A9669 /* PageTitleView.swift */,
				7F8C652528AB6BBC006A9669 /* PageContentView.swift */,
				7F8484FA28ACCB42008DEDEF /* NormalCellView.swift */,
				7F40D96A28ACE7470071E4C2 /* PrettyCellView.swift */,
			);
			path = View;
			sourceTree = "<group>";
		};
		7FE59D9528AA3751009F4B6C /* Controller */ = {
			isa = PBXGroup;
			children = (
				7FE59D8628AA2C4B009F4B6C /* TabBarMainController.swift */,
			);
			path = Controller;
			sourceTree = "<group>";
		};
		7FE59D9628AA4DC3009F4B6C /* extension */ = {
			isa = PBXGroup;
			children = (
				7FE59D9728AA4DE8009F4B6C /* UIBarButtomItem_exstension.swift */,
				7F40D97128ADE3170071E4C2 /* NSDate_extension.swift */,
			);
			path = extension;
			sourceTree = "<group>";
		};
		A7DA47D3884CDA323740A0E3 /* Pods */ = {
			isa = PBXGroup;
			children = (
				20C827AFC31BFBF207C5789D /* Pods-ZB_project01.debug.xcconfig */,
				4D93FE9D60501A9ABEB58F88 /* Pods-ZB_project01.release.xcconfig */,
			);
			path = Pods;
			sourceTree = "<group>";
		};
/* End PBXGroup section */

/* Begin PBXNativeTarget section */
		7FA389C028A9EAEA006BB643 /* ZB_project01 */ = {
			isa = PBXNativeTarget;
			buildConfigurationList = 7FA389EB28A9EAEA006BB643 /* Build configuration list for PBXNativeTarget "ZB_project01" */;
			buildPhases = (
				5F164A59376224B7B8BEA623 /* [CP] Check Pods Manifest.lock */,
				7FA389BD28A9EAEA006BB643 /* Sources */,
				7FA389BE28A9EAEA006BB643 /* Frameworks */,
				7FA389BF28A9EAEA006BB643 /* Resources */,
			);
			buildRules = (
			);
			dependencies = (
			);
			name = ZB_project01;
			productName = ZB_project01;
			productReference = 7FA389C128A9EAEA006BB643 /* ZB_project01.app */;
			productType = "com.apple.product-type.application";
		};
		7FA389D628A9EAEA006BB643 /* ZB_project01Tests */ = {
			isa = PBXNativeTarget;
			buildConfigurationList = 7FA389EE28A9EAEA006BB643 /* Build configuration list for PBXNativeTarget "ZB_project01Tests" */;
			buildPhases = (
				7FA389D328A9EAEA006BB643 /* Sources */,
				7FA389D428A9EAEA006BB643 /* Frameworks */,
				7FA389D528A9EAEA006BB643 /* Resources */,
			);
			buildRules = (
			);
			dependencies = (
				7FA389D928A9EAEA006BB643 /* PBXTargetDependency */,
			);
			name = ZB_project01Tests;
			productName = ZB_project01Tests;
			productReference = 7FA389D728A9EAEA006BB643 /* ZB_project01Tests.xctest */;
			productType = "com.apple.product-type.bundle.unit-test";
		};
		7FA389E028A9EAEA006BB643 /* ZB_project01UITests */ = {
			isa = PBXNativeTarget;
			buildConfigurationList = 7FA389F128A9EAEA006BB643 /* Build configuration list for PBXNativeTarget "ZB_project01UITests" */;
			buildPhases = (
				7FA389DD28A9EAEA006BB643 /* Sources */,
				7FA389DE28A9EAEA006BB643 /* Frameworks */,
				7FA389DF28A9EAEA006BB643 /* Resources */,
			);
			buildRules = (
			);
			dependencies = (
				7FA389E328A9EAEA006BB643 /* PBXTargetDependency */,
			);
			name = ZB_project01UITests;
			productName = ZB_project01UITests;
			productReference = 7FA389E128A9EAEA006BB643 /* ZB_project01UITests.xctest */;
			productType = "com.apple.product-type.bundle.ui-testing";
		};
/* End PBXNativeTarget section */

/* Begin PBXProject section */
		7FA389B928A9EAEA006BB643 /* Project object */ = {
			isa = PBXProject;
			attributes = {
				BuildIndependentTargetsInParallel = 1;
				LastSwiftUpdateCheck = 1340;
				LastUpgradeCheck = 1340;
				TargetAttributes = {
					7FA389C028A9EAEA006BB643 = {
						CreatedOnToolsVersion = 13.4.1;
					};
					7FA389D628A9EAEA006BB643 = {
						CreatedOnToolsVersion = 13.4.1;
						TestTargetID = 7FA389C028A9EAEA006BB643;
					};
					7FA389E028A9EAEA006BB643 = {
						CreatedOnToolsVersion = 13.4.1;
						TestTargetID = 7FA389C028A9EAEA006BB643;
					};
				};
			};
			buildConfigurationList = 7FA389BC28A9EAEA006BB643 /* Build configuration list for PBXProject "ZB_project01" */;
			compatibilityVersion = "Xcode 13.0";
			developmentRegion = en;
			hasScannedForEncodings = 0;
			knownRegions = (
				en,
				Base,
			);
			mainGroup = 7FA389B828A9EAEA006BB643;
			productRefGroup = 7FA389C228A9EAEA006BB643 /* Products */;
			projectDirPath = "";
			projectRoot = "";
			targets = (
				7FA389C028A9EAEA006BB643 /* ZB_project01 */,
				7FA389D628A9EAEA006BB643 /* ZB_project01Tests */,
				7FA389E028A9EAEA006BB643 /* ZB_project01UITests */,
			);
		};
/* End PBXProject section */

/* Begin PBXResourcesBuildPhase section */
		7FA389BF28A9EAEA006BB643 /* Resources */ = {
			isa = PBXResourcesBuildPhase;
			buildActionMask = 2147483647;
			files = (
				7FA389D128A9EAEA006BB643 /* LaunchScreen.storyboard in Resources */,
				7FA389CE28A9EAEA006BB643 /* Assets.xcassets in Resources */,
				7FA389CC28A9EAEA006BB643 /* Main.storyboard in Resources */,
			);
			runOnlyForDeploymentPostprocessing = 0;
		};
		7FA389D528A9EAEA006BB643 /* Resources */ = {
			isa = PBXResourcesBuildPhase;
			buildActionMask = 2147483647;
			files = (
			);
			runOnlyForDeploymentPostprocessing = 0;
		};
		7FA389DF28A9EAEA006BB643 /* Resources */ = {
			isa = PBXResourcesBuildPhase;
			buildActionMask = 2147483647;
			files = (
			);
			runOnlyForDeploymentPostprocessing = 0;
		};
/* End PBXResourcesBuildPhase section */

/* Begin PBXShellScriptBuildPhase section */
		5F164A59376224B7B8BEA623 /* [CP] Check Pods Manifest.lock */ = {
			isa = PBXShellScriptBuildPhase;
			buildActionMask = 2147483647;
			files = (
			);
			inputFileListPaths = (
			);
			inputPaths = (
				"${PODS_PODFILE_DIR_PATH}/Podfile.lock",
				"${PODS_ROOT}/Manifest.lock",
			);
			name = "[CP] Check Pods Manifest.lock";
			outputFileListPaths = (
			);
			outputPaths = (
				"$(DERIVED_FILE_DIR)/Pods-ZB_project01-checkManifestLockResult.txt",
			);
			runOnlyForDeploymentPostprocessing = 0;
			shellPath = /bin/sh;
			shellScript = "diff \"${PODS_PODFILE_DIR_PATH}/Podfile.lock\" \"${PODS_ROOT}/Manifest.lock\" > /dev/null\nif [ $? != 0 ] ; then\n    # print error to STDERR\n    echo \"error: The sandbox is not in sync with the Podfile.lock. Run 'pod install' or update your CocoaPods installation.\" >&2\n    exit 1\nfi\n# This output is used by Xcode 'outputs' to avoid re-running this script phase.\necho \"SUCCESS\" > \"${SCRIPT_OUTPUT_FILE_0}\"\n";
			showEnvVarsInLog = 0;
		};
/* End PBXShellScriptBuildPhase section */

/* Begin PBXSourcesBuildPhase section */
		7FA389BD28A9EAEA006BB643 /* Sources */ = {
			isa = PBXSourcesBuildPhase;
			buildActionMask = 2147483647;
			files = (
				7F40D97228ADE3170071E4C2 /* NSDate_extension.swift in Sources */,
				7FE59D8F28AA2F58009F4B6C /* ProfileController.swift in Sources */,
				7FE59D8928AA2EFB009F4B6C /* HomeController.swift in Sources */,
				7F8C652628AB6BBC006A9669 /* PageContentView.swift in Sources */,
				7FAE1B9B28B4A71400CFA94F /* GameViewController.swift in Sources */,
				7F29B81828B4B6170003BFEE /* GameModel.swift in Sources */,
				7F8437B928B34F7300E87492 /* CycleViewCell.swift in Sources */,
				7F40D97028ADDE650071E4C2 /* NetWorkTools.swift in Sources */,
				7F8437B528B3150C00E87492 /* RecommendCycleView.swift in Sources */,
				7F40D96B28ACE7470071E4C2 /* PrettyCellView.swift in Sources */,
				7F29B81628B4B3F20003BFEE /* GameViewModel.swift in Sources */,
				7F40D96E28ADDDEA0071E4C2 /* RecommenViewModel.swift in Sources */,
				7FE59D8B28AA2F1A009F4B6C /* LiveController.swift in Sources */,
				7FA389C528A9EAEA006BB643 /* AppDelegate.swift in Sources */,
				7F8484FB28ACCB42008DEDEF /* NormalCellView.swift in Sources */,
				7F8437BB28B36B6A00E87492 /* GameRecommenView.swift in Sources */,
				7F29B81A28B4BEAE0003BFEE /* GameHeaderView.swift in Sources */,
				7F8437B728B32CC600E87492 /* CycleViewModel.swift in Sources */,
				7F74928828AC9072004700F1 /* RecommendViewController.swift in Sources */,
				7FE59D8728AA2C4B009F4B6C /* TabBarMainController.swift in Sources */,
				7F74928A28ACB8A4004700F1 /* CollectionHeaderView.swift in Sources */,
				7FE59D8D28AA2F40009F4B6C /* FollowController.swift in Sources */,
				7F8C652228AB33DE006A9669 /* PageTitleView.swift in Sources */,
				7FE59D9828AA4DE8009F4B6C /* UIBarButtomItem_exstension.swift in Sources */,
				7F8437BD28B377F200E87492 /* GameViewCell.swift in Sources */,
				7F2841B028AE2D5B00AB0DB7 /* AnchorModel.swift in Sources */,
				7F8C652428AB36C3006A9669 /* Common.swift in Sources */,
				7FA389C728A9EAEA006BB643 /* SceneDelegate.swift in Sources */,
				7F2841AE28AE1EE800AB0DB7 /* AnchorGroup.swift in Sources */,
			);
			runOnlyForDeploymentPostprocessing = 0;
		};
		7FA389D328A9EAEA006BB643 /* Sources */ = {
			isa = PBXSourcesBuildPhase;
			buildActionMask = 2147483647;
			files = (
				7FA389DC28A9EAEA006BB643 /* ZB_project01Tests.swift in Sources */,
			);
			runOnlyForDeploymentPostprocessing = 0;
		};
		7FA389DD28A9EAEA006BB643 /* Sources */ = {
			isa = PBXSourcesBuildPhase;
			buildActionMask = 2147483647;
			files = (
				7FA389E628A9EAEA006BB643 /* ZB_project01UITests.swift in Sources */,
				7FA389E828A9EAEA006BB643 /* ZB_project01UITestsLaunchTests.swift in Sources */,
			);
			runOnlyForDeploymentPostprocessing = 0;
		};
/* End PBXSourcesBuildPhase section */

/* Begin PBXTargetDependency section */
		7FA389D928A9EAEA006BB643 /* PBXTargetDependency */ = {
			isa = PBXTargetDependency;
			target = 7FA389C028A9EAEA006BB643 /* ZB_project01 */;
			targetProxy = 7FA389D828A9EAEA006BB643 /* PBXContainerItemProxy */;
		};
		7FA389E328A9EAEA006BB643 /* PBXTargetDependency */ = {
			isa = PBXTargetDependency;
			target = 7FA389C028A9EAEA006BB643 /* ZB_project01 */;
			targetProxy = 7FA389E228A9EAEA006BB643 /* PBXContainerItemProxy */;
		};
/* End PBXTargetDependency section */

/* Begin PBXVariantGroup section */
		7FA389CA28A9EAEA006BB643 /* Main.storyboard */ = {
			isa = PBXVariantGroup;
			children = (
				7FA389CB28A9EAEA006BB643 /* Base */,
			);
			name = Main.storyboard;
			sourceTree = "<group>";
		};
		7FA389CF28A9EAEA006BB643 /* LaunchScreen.storyboard */ = {
			isa = PBXVariantGroup;
			children = (
				7FA389D028A9EAEA006BB643 /* Base */,
			);
			name = LaunchScreen.storyboard;
			sourceTree = "<group>";
		};
/* End PBXVariantGroup section */

/* Begin XCBuildConfiguration section */
		7FA389E928A9EAEA006BB643 /* Debug */ = {
			isa = XCBuildConfiguration;
			buildSettings = {
				ALWAYS_SEARCH_USER_PATHS = NO;
				CLANG_ANALYZER_NONNULL = YES;
				CLANG_ANALYZER_NUMBER_OBJECT_CONVERSION = YES_AGGRESSIVE;
				CLANG_CXX_LANGUAGE_STANDARD = "gnu++17";
				CLANG_ENABLE_MODULES = YES;
				CLANG_ENABLE_OBJC_ARC = YES;
				CLANG_ENABLE_OBJC_WEAK = YES;
				CLANG_WARN_BLOCK_CAPTURE_AUTORELEASING = YES;
				CLANG_WARN_BOOL_CONVERSION = YES;
				CLANG_WARN_COMMA = YES;
				CLANG_WARN_CONSTANT_CONVERSION = YES;
				CLANG_WARN_DEPRECATED_OBJC_IMPLEMENTATIONS = YES;
				CLANG_WARN_DIRECT_OBJC_ISA_USAGE = YES_ERROR;
				CLANG_WARN_DOCUMENTATION_COMMENTS = YES;
				CLANG_WARN_EMPTY_BODY = YES;
				CLANG_WARN_ENUM_CONVERSION = YES;
				CLANG_WARN_INFINITE_RECURSION = YES;
				CLANG_WARN_INT_CONVERSION = YES;
				CLANG_WARN_NON_LITERAL_NULL_CONVERSION = YES;
				CLANG_WARN_OBJC_IMPLICIT_RETAIN_SELF = YES;
				CLANG_WARN_OBJC_LITERAL_CONVERSION = YES;
				CLANG_WARN_OBJC_ROOT_CLASS = YES_ERROR;
				CLANG_WARN_QUOTED_INCLUDE_IN_FRAMEWORK_HEADER = YES;
				CLANG_WARN_RANGE_LOOP_ANALYSIS = YES;
				CLANG_WARN_STRICT_PROTOTYPES = YES;
				CLANG_WARN_SUSPICIOUS_MOVE = YES;
				CLANG_WARN_UNGUARDED_AVAILABILITY = YES_AGGRESSIVE;
				CLANG_WARN_UNREACHABLE_CODE = YES;
				CLANG_WARN__DUPLICATE_METHOD_MATCH = YES;
				COPY_PHASE_STRIP = NO;
				DEBUG_INFORMATION_FORMAT = dwarf;
				ENABLE_STRICT_OBJC_MSGSEND = YES;
				ENABLE_TESTABILITY = YES;
				GCC_C_LANGUAGE_STANDARD = gnu11;
				GCC_DYNAMIC_NO_PIC = NO;
				GCC_NO_COMMON_BLOCKS = YES;
				GCC_OPTIMIZATION_LEVEL = 0;
				GCC_PREPROCESSOR_DEFINITIONS = (
					"DEBUG=1",
					"$(inherited)",
				);
				GCC_WARN_64_TO_32_BIT_CONVERSION = YES;
				GCC_WARN_ABOUT_RETURN_TYPE = YES_ERROR;
				GCC_WARN_UNDECLARED_SELECTOR = YES;
				GCC_WARN_UNINITIALIZED_AUTOS = YES_AGGRESSIVE;
				GCC_WARN_UNUSED_FUNCTION = YES;
				GCC_WARN_UNUSED_VARIABLE = YES;
				IPHONEOS_DEPLOYMENT_TARGET = 15.5;
				MTL_ENABLE_DEBUG_INFO = INCLUDE_SOURCE;
				MTL_FAST_MATH = YES;
				ONLY_ACTIVE_ARCH = YES;
				SDKROOT = iphoneos;
				SWIFT_ACTIVE_COMPILATION_CONDITIONS = DEBUG;
				SWIFT_OPTIMIZATION_LEVEL = "-Onone";
			};
			name = Debug;
		};
		7FA389EA28A9EAEA006BB643 /* Release */ = {
			isa = XCBuildConfiguration;
			buildSettings = {
				ALWAYS_SEARCH_USER_PATHS = NO;
				CLANG_ANALYZER_NONNULL = YES;
				CLANG_ANALYZER_NUMBER_OBJECT_CONVERSION = YES_AGGRESSIVE;
				CLANG_CXX_LANGUAGE_STANDARD = "gnu++17";
				CLANG_ENABLE_MODULES = YES;
				CLANG_ENABLE_OBJC_ARC = YES;
				CLANG_ENABLE_OBJC_WEAK = YES;
				CLANG_WARN_BLOCK_CAPTURE_AUTORELEASING = YES;
				CLANG_WARN_BOOL_CONVERSION = YES;
				CLANG_WARN_COMMA = YES;
				CLANG_WARN_CONSTANT_CONVERSION = YES;
				CLANG_WARN_DEPRECATED_OBJC_IMPLEMENTATIONS = YES;
				CLANG_WARN_DIRECT_OBJC_ISA_USAGE = YES_ERROR;
				CLANG_WARN_DOCUMENTATION_COMMENTS = YES;
				CLANG_WARN_EMPTY_BODY = YES;
				CLANG_WARN_ENUM_CONVERSION = YES;
				CLANG_WARN_INFINITE_RECURSION = YES;
				CLANG_WARN_INT_CONVERSION = YES;
				CLANG_WARN_NON_LITERAL_NULL_CONVERSION = YES;
				CLANG_WARN_OBJC_IMPLICIT_RETAIN_SELF = YES;
				CLANG_WARN_OBJC_LITERAL_CONVERSION = YES;
				CLANG_WARN_OBJC_ROOT_CLASS = YES_ERROR;
				CLANG_WARN_QUOTED_INCLUDE_IN_FRAMEWORK_HEADER = YES;
				CLANG_WARN_RANGE_LOOP_ANALYSIS = YES;
				CLANG_WARN_STRICT_PROTOTYPES = YES;
				CLANG_WARN_SUSPICIOUS_MOVE = YES;
				CLANG_WARN_UNGUARDED_AVAILABILITY = YES_AGGRESSIVE;
				CLANG_WARN_UNREACHABLE_CODE = YES;
				CLANG_WARN__DUPLICATE_METHOD_MATCH = YES;
				COPY_PHASE_STRIP = NO;
				DEBUG_INFORMATION_FORMAT = "dwarf-with-dsym";
				ENABLE_NS_ASSERTIONS = NO;
				ENABLE_STRICT_OBJC_MSGSEND = YES;
				GCC_C_LANGUAGE_STANDARD = gnu11;
				GCC_NO_COMMON_BLOCKS = YES;
				GCC_WARN_64_TO_32_BIT_CONVERSION = YES;
				GCC_WARN_ABOUT_RETURN_TYPE = YES_ERROR;
				GCC_WARN_UNDECLARED_SELECTOR = YES;
				GCC_WARN_UNINITIALIZED_AUTOS = YES_AGGRESSIVE;
				GCC_WARN_UNUSED_FUNCTION = YES;
				GCC_WARN_UNUSED_VARIABLE = YES;
				IPHONEOS_DEPLOYMENT_TARGET = 15.5;
				MTL_ENABLE_DEBUG_INFO = NO;
				MTL_FAST_MATH = YES;
				SDKROOT = iphoneos;
				SWIFT_COMPILATION_MODE = wholemodule;
				SWIFT_OPTIMIZATION_LEVEL = "-O";
				VALIDATE_PRODUCT = YES;
			};
			name = Release;
		};
		7FA389EC28A9EAEA006BB643 /* Debug */ = {
			isa = XCBuildConfiguration;
			baseConfigurationReference = 20C827AFC31BFBF207C5789D /* Pods-ZB_project01.debug.xcconfig */;
			buildSettings = {
				ASSETCATALOG_COMPILER_APPICON_NAME = AppIcon;
				ASSETCATALOG_COMPILER_GLOBAL_ACCENT_COLOR_NAME = AccentColor;
				ASSETCATALOG_COMPILER_INCLUDE_ALL_APPICON_ASSETS = YES;
				CODE_SIGN_STYLE = Automatic;
				CURRENT_PROJECT_VERSION = 1;
				DEVELOPMENT_TEAM = SZ3D45K887;
				GENERATE_INFOPLIST_FILE = YES;
				INFOPLIST_FILE = ZB_project01/Info.plist;
				INFOPLIST_KEY_UIApplicationSupportsIndirectInputEvents = YES;
				INFOPLIST_KEY_UILaunchStoryboardName = Main;
				INFOPLIST_KEY_UIMainStoryboardFile = Main;
				INFOPLIST_KEY_UISupportedInterfaceOrientations = UIInterfaceOrientationPortrait;
				INFOPLIST_KEY_UISupportedInterfaceOrientations_iPad = "UIInterfaceOrientationPortrait UIInterfaceOrientationPortraitUpsideDown UIInterfaceOrientationLandscapeLeft UIInterfaceOrientationLandscapeRight";
				INFOPLIST_KEY_UISupportedInterfaceOrientations_iPhone = "UIInterfaceOrientationPortrait UIInterfaceOrientationLandscapeLeft UIInterfaceOrientationLandscapeRight";
				LD_RUNPATH_SEARCH_PATHS = (
					"$(inherited)",
					"@executable_path/Frameworks",
				);
				MARKETING_VERSION = 1.0;
				PRODUCT_BUNDLE_IDENTIFIER = "none.ZB-project01";
				PRODUCT_NAME = "$(TARGET_NAME)";
				SWIFT_EMIT_LOC_STRINGS = YES;
				SWIFT_VERSION = 5.0;
				TARGETED_DEVICE_FAMILY = 1;
			};
			name = Debug;
		};
		7FA389ED28A9EAEA006BB643 /* Release */ = {
			isa = XCBuildConfiguration;
			baseConfigurationReference = 4D93FE9D60501A9ABEB58F88 /* Pods-ZB_project01.release.xcconfig */;
			buildSettings = {
				ASSETCATALOG_COMPILER_APPICON_NAME = AppIcon;
				ASSETCATALOG_COMPILER_GLOBAL_ACCENT_COLOR_NAME = AccentColor;
				ASSETCATALOG_COMPILER_INCLUDE_ALL_APPICON_ASSETS = YES;
				CODE_SIGN_STYLE = Automatic;
				CURRENT_PROJECT_VERSION = 1;
				DEVELOPMENT_TEAM = SZ3D45K887;
				GENERATE_INFOPLIST_FILE = YES;
				INFOPLIST_FILE = ZB_project01/Info.plist;
				INFOPLIST_KEY_UIApplicationSupportsIndirectInputEvents = YES;
				INFOPLIST_KEY_UILaunchStoryboardName = Main;
				INFOPLIST_KEY_UIMainStoryboardFile = Main;
				INFOPLIST_KEY_UISupportedInterfaceOrientations = UIInterfaceOrientationPortrait;
				INFOPLIST_KEY_UISupportedInterfaceOrientations_iPad = "UIInterfaceOrientationPortrait UIInterfaceOrientationPortraitUpsideDown UIInterfaceOrientationLandscapeLeft UIInterfaceOrientationLandscapeRight";
				INFOPLIST_KEY_UISupportedInterfaceOrientations_iPhone = "UIInterfaceOrientationPortrait UIInterfaceOrientationLandscapeLeft UIInterfaceOrientationLandscapeRight";
				LD_RUNPATH_SEARCH_PATHS = (
					"$(inherited)",
					"@executable_path/Frameworks",
				);
				MARKETING_VERSION = 1.0;
				PRODUCT_BUNDLE_IDENTIFIER = "none.ZB-project01";
				PRODUCT_NAME = "$(TARGET_NAME)";
				SWIFT_EMIT_LOC_STRINGS = YES;
				SWIFT_VERSION = 5.0;
				TARGETED_DEVICE_FAMILY = 1;
			};
			name = Release;
		};
		7FA389EF28A9EAEA006BB643 /* Debug */ = {
			isa = XCBuildConfiguration;
			buildSettings = {
				ALWAYS_EMBED_SWIFT_STANDARD_LIBRARIES = YES;
				BUNDLE_LOADER = "$(TEST_HOST)";
				CODE_SIGN_STYLE = Automatic;
				CURRENT_PROJECT_VERSION = 1;
				DEVELOPMENT_TEAM = SZ3D45K887;
				GENERATE_INFOPLIST_FILE = YES;
				IPHONEOS_DEPLOYMENT_TARGET = 15.5;
				MARKETING_VERSION = 1.0;
				PRODUCT_BUNDLE_IDENTIFIER = "none.ZB-project01Tests";
				PRODUCT_NAME = "$(TARGET_NAME)";
				SWIFT_EMIT_LOC_STRINGS = NO;
				SWIFT_VERSION = 5.0;
				TARGETED_DEVICE_FAMILY = "1,2";
				TEST_HOST = "$(BUILT_PRODUCTS_DIR)/ZB_project01.app/ZB_project01";
			};
			name = Debug;
		};
		7FA389F028A9EAEA006BB643 /* Release */ = {
			isa = XCBuildConfiguration;
			buildSettings = {
				ALWAYS_EMBED_SWIFT_STANDARD_LIBRARIES = YES;
				BUNDLE_LOADER = "$(TEST_HOST)";
				CODE_SIGN_STYLE = Automatic;
				CURRENT_PROJECT_VERSION = 1;
				DEVELOPMENT_TEAM = SZ3D45K887;
				GENERATE_INFOPLIST_FILE = YES;
				IPHONEOS_DEPLOYMENT_TARGET = 15.5;
				MARKETING_VERSION = 1.0;
				PRODUCT_BUNDLE_IDENTIFIER = "none.ZB-project01Tests";
				PRODUCT_NAME = "$(TARGET_NAME)";
				SWIFT_EMIT_LOC_STRINGS = NO;
				SWIFT_VERSION = 5.0;
				TARGETED_DEVICE_FAMILY = "1,2";
				TEST_HOST = "$(BUILT_PRODUCTS_DIR)/ZB_project01.app/ZB_project01";
			};
			name = Release;
		};
		7FA389F228A9EAEA006BB643 /* Debug */ = {
			isa = XCBuildConfiguration;
			buildSettings = {
				ALWAYS_EMBED_SWIFT_STANDARD_LIBRARIES = YES;
				CODE_SIGN_STYLE = Automatic;
				CURRENT_PROJECT_VERSION = 1;
				DEVELOPMENT_TEAM = SZ3D45K887;
				GENERATE_INFOPLIST_FILE = YES;
				MARKETING_VERSION = 1.0;
				PRODUCT_BUNDLE_IDENTIFIER = "none.ZB-project01UITests";
				PRODUCT_NAME = "$(TARGET_NAME)";
				SWIFT_EMIT_LOC_STRINGS = NO;
				SWIFT_VERSION = 5.0;
				TARGETED_DEVICE_FAMILY = "1,2";
				TEST_TARGET_NAME = ZB_project01;
			};
			name = Debug;
		};
		7FA389F328A9EAEA006BB643 /* Release */ = {
			isa = XCBuildConfiguration;
			buildSettings = {
				ALWAYS_EMBED_SWIFT_STANDARD_LIBRARIES = YES;
				CODE_SIGN_STYLE = Automatic;
				CURRENT_PROJECT_VERSION = 1;
				DEVELOPMENT_TEAM = SZ3D45K887;
				GENERATE_INFOPLIST_FILE = YES;
				MARKETING_VERSION = 1.0;
				PRODUCT_BUNDLE_IDENTIFIER = "none.ZB-project01UITests";
				PRODUCT_NAME = "$(TARGET_NAME)";
				SWIFT_EMIT_LOC_STRINGS = NO;
				SWIFT_VERSION = 5.0;
				TARGETED_DEVICE_FAMILY = "1,2";
				TEST_TARGET_NAME = ZB_project01;
			};
			name = Release;
		};
/* End XCBuildConfiguration section */

/* Begin XCConfigurationList section */
		7FA389BC28A9EAEA006BB643 /* Build configuration list for PBXProject "ZB_project01" */ = {
			isa = XCConfigurationList;
			buildConfigurations = (
				7FA389E928A9EAEA006BB643 /* Debug */,
				7FA389EA28A9EAEA006BB643 /* Release */,
			);
			defaultConfigurationIsVisible = 0;
			defaultConfigurationName = Release;
		};
		7FA389EB28A9EAEA006BB643 /* Build configuration list for PBXNativeTarget "ZB_project01" */ = {
			isa = XCConfigurationList;
			buildConfigurations = (
				7FA389EC28A9EAEA006BB643 /* Debug */,
				7FA389ED28A9EAEA006BB643 /* Release */,
			);
			defaultConfigurationIsVisible = 0;
			defaultConfigurationName = Release;
		};
		7FA389EE28A9EAEA006BB643 /* Build configuration list for PBXNativeTarget "ZB_project01Tests" */ = {
			isa = XCConfigurationList;
			buildConfigurations = (
				7FA389EF28A9EAEA006BB643 /* Debug */,
				7FA389F028A9EAEA006BB643 /* Release */,
			);
			defaultConfigurationIsVisible = 0;
			defaultConfigurationName = Release;
		};
		7FA389F128A9EAEA006BB643 /* Build configuration list for PBXNativeTarget "ZB_project01UITests" */ = {
			isa = XCConfigurationList;
			buildConfigurations = (
				7FA389F228A9EAEA006BB643 /* Debug */,
				7FA389F328A9EAEA006BB643 /* Release */,
			);
			defaultConfigurationIsVisible = 0;
			defaultConfigurationName = Release;
		};
/* End XCConfigurationList section */
	};
	rootObject = 7FA389B928A9EAEA006BB643 /* Project object */;
}
