// !$*UTF8*$!
{
	archiveVersion = 1;
	classes = {
	};
	objectVersion = 55;
	objects = {

/* Begin PBXBuildFile section */
		7FA389C528A9EAEA006BB643 /* AppDelegate.swift in Sources */ = {isa = PBXBuildFile; fileRef = 7FA389C428A9EAEA006BB643 /* AppDelegate.swift */; };
		7FA389C728A9EAEA006BB643 /* SceneDelegate.swift in Sources */ = {isa = PBXBuildFile; fileRef = 7FA389C628A9EAEA006BB643 /* SceneDelegate.swift */; };
		7FA389C928A9EAEA006BB643 /* ViewController.swift in Sources */ = {isa = PBXBuildFile; fileRef = 7FA389C828A9EAEA006BB643 /* ViewController.swift */; };
		7FA389CC28A9EAEA006BB643 /* Main.storyboard in Resources */ = {isa = PBXBuildFile; fileRef = 7FA389CA28A9EAEA006BB643 /* Main.storyboard */; };
		7FA389CE28A9EAEA006BB643 /* Assets.xcassets in Resources */ = {isa = PBXBuildFile; fileRef = 7FA389CD28A9EAEA006BB643 /* Assets.xcassets */; };
		7FA389D128A9EAEA006BB643 /* LaunchScreen.storyboard in Resources */ = {isa = PBXBuildFile; fileRef = 7FA389CF28A9EAEA006BB643 /* LaunchScreen.storyboard */; };
		7FA389DC28A9EAEA006BB643 /* ZB_project01Tests.swift in Sources */ = {isa = PBXBuildFile; fileRef = 7FA389DB28A9EAEA006BB643 /* ZB_project01Tests.swift */; };
		7FA389E628A9EAEA006BB643 /* ZB_project01UITests.swift in Sources */ = {isa = PBXBuildFile; fileRef = 7FA389E528A9EAEA006BB643 /* ZB_project01UITests.swift */; };
		7FA389E828A9EAEA006BB643 /* ZB_project01UITestsLaunchTests.swift in Sources */ = {isa = PBXBuildFile; fileRef = 7FA389E728A9EAEA006BB643 /* ZB_project01UITestsLaunchTests.swift */; };
/* End PBXBuildFile section */

/* Begin PBXContainerItemProxy section */
		7FA389D828A9EAEA006BB643 /* PBXContainerItemProxy */ = {
			isa = PBXContainerItemProxy;
			containerPortal = 7FA389B928A9EAEA006BB643 /* Project object */;
			proxyType = 1;
			remoteGlobalIDString = 7FA389C028A9EAEA006BB643;
			remoteInfo = ZB_project01;
		};
		7FA389E228A9EAEA006BB643 /* PBXContainerItemProxy */ = {
			isa = PBXContainerItemProxy;
			containerPortal = 7FA389B928A9EAEA006BB643 /* Project object */;
			proxyType = 1;
			remoteGlobalIDString = 7FA389C028A9EAEA006BB643;
			remoteInfo = ZB_project01;
		};
/* End PBXContainerItemProxy section */

/* Begin PBXFileReference section */
		7FA389C128A9EAEA006BB643 /* ZB_project01.app */ = {isa = PBXFileReference; explicitFileType = wrapper.application; includeInIndex = 0; path = ZB_project01.app; sourceTree = BUILT_PRODUCTS_DIR; };
		7FA389C428A9EAEA006BB643 /* AppDelegate.swift */ = {isa = PBXFileReference; lastKnownFileType = sourcecode.swift; path = AppDelegate.swift; sourceTree = "<group>"; };
		7FA389C628A9EAEA006BB643 /* SceneDelegate.swift */ = {isa = PBXFileReference; lastKnownFileType = sourcecode.swift; path = SceneDelegate.swift; sourceTree = "<group>"; };
		7FA389C828A9EAEA006BB643 /* ViewController.swift */ = {isa = PBXFileReference; lastKnownFileType = sourcecode.swift; path = ViewController.swift; sourceTree = "<group>"; };
		7FA389CB28A9EAEA006BB643 /* Base */ = {isa = PBXFileReference; lastKnownFileType = file.storyboard; name = Base; path = Base.lproj/Main.storyboard; sourceTree = "<group>"; };
		7FA389CD28A9EAEA006BB643 /* Assets.xcassets */ = {isa = PBXFileReference; lastKnownFileType = folder.assetcatalog; path = Assets.xcassets; sourceTree = "<group>"; };
		7FA389D028A9EAEA006BB643 /* Base */ = {isa = PBXFileReference; lastKnownFileType = file.storyboard; name = Base; path = Base.lproj/LaunchScreen.storyboard; sourceTree = "<group>"; };
		7FA389D228A9EAEA006BB643 /* Info.plist */ = {isa = PBXFileReference; lastKnownFileType = text.plist.xml; path = Info.plist; sourceTree = "<group>"; };
		7FA389D728A9EAEA006BB643 /* ZB_project01Tests.xctest */ = {isa = PBXFileReference; explicitFileType = wrapper.cfbundle; includeInIndex = 0; path = ZB_project01Tests.xctest; sourceTree = BUILT_PRODUCTS_DIR; };
		7FA389DB28A9EAEA006BB643 /* ZB_project01Tests.swift */ = {isa = PBXFileReference; lastKnownFileType = sourcecode.swift; path = ZB_project01Tests.swift; sourceTree = "<group>"; };
		7FA389E128A9EAEA006BB643 /* ZB_project01UITests.xctest */ = {isa = PBXFileReference; explicitFileType = wrapper.cfbundle; includeInIndex = 0; path = ZB_project01UITests.xctest; sourceTree = BUILT_PRODUCTS_DIR; };
		7FA389E528A9EAEA006BB643 /* ZB_project01UITests.swift */ = {isa = PBXFileReference; lastKnownFileType = sourcecode.swift; path = ZB_project01UITests.swift; sourceTree = "<group>"; };
		7FA389E728A9EAEA006BB643 /* ZB_project01UITestsLaunchTests.swift */ = {isa = PBXFileReference; lastKnownFileType = sourcecode.swift; path = ZB_project01UITestsLaunchTests.swift; sourceTree = "<group>"; };
/* End PBXFileReference section */

/* Begin PBXFrameworksBuildPhase section */
		7FA389BE28A9EAEA006BB643 /* Frameworks */ = {
			isa = PBXFrameworksBuildPhase;
			buildActionMask = 2147483647;
			files = (
			);
			runOnlyForDeploymentPostprocessing = 0;
		};
		7FA389D428A9EAEA006BB643 /* Frameworks */ = {
			isa = PBXFrameworksBuildPhase;
			buildActionMask = 2147483647;
			files = (
			);
			runOnlyForDeploymentPostprocessing = 0;
		};
		7FA389DE28A9EAEA006BB643 /* Frameworks */ = {
			isa = PBXFrameworksBuildPhase;
			buildActionMask = 2147483647;
			files = (
			);
			runOnlyForDeploymentPostprocessing = 0;
		};
/* End PBXFrameworksBuildPhase section */

/* Begin PBXGroup section */
		7FA389B828A9EAEA006BB643 = {
			isa = PBXGroup;
			children = (
				7FA389C328A9EAEA006BB643 /* ZB_project01 */,
				7FA389DA28A9EAEA006BB643 /* ZB_project01Tests */,
				7FA389E428A9EAEA006BB643 /* ZB_project01UITests */,
				7FA389C228A9EAEA006BB643 /* Products */,
			);
			sourceTree = "<group>";
		};
		7FA389C228A9EAEA006BB643 /* Products */ = {
			isa = PBXGroup;
			children = (
				7FA389C128A9EAEA006BB643 /* ZB_project01.app */,
				7FA389D728A9EAEA006BB643 /* ZB_project01Tests.xctest */,
				7FA389E128A9EAEA006BB643 /* ZB_project01UITests.xctest */,
			);
			name = Products;
			sourceTree = "<group>";
		};
		7FA389C328A9EAEA006BB643 /* ZB_project01 */ = {
			isa = PBXGroup;
			children = (
				7FA389C428A9EAEA006BB643 /* AppDelegate.swift */,
				7FA389C628A9EAEA006BB643 /* SceneDelegate.swift */,
				7FA389C828A9EAEA006BB643 /* ViewController.swift */,
				7FA389CA28A9EAEA006BB643 /* Main.storyboard */,
				7FA389CD28A9EAEA006BB643 /* Assets.xcassets */,
				7FA389CF28A9EAEA006BB643 /* LaunchScreen.storyboard */,
				7FA389D228A9EAEA006BB643 /* Info.plist */,
			);
			path = ZB_project01;
			sourceTree = "<group>";
		};
		7FA389DA28A9EAEA006BB643 /* ZB_project01Tests */ = {
			isa = PBXGroup;
			children = (
				7FA389DB28A9EAEA006BB643 /* ZB_project01Tests.swift */,
			);
			path = ZB_project01Tests;
			sourceTree = "<group>";
		};
		7FA389E428A9EAEA006BB643 /* ZB_project01UITests */ = {
			isa = PBXGroup;
			children = (
				7FA389E528A9EAEA006BB643 /* ZB_project01UITests.swift */,
				7FA389E728A9EAEA006BB643 /* ZB_project01UITestsLaunchTests.swift */,
			);
			path = ZB_project01UITests;
			sourceTree = "<group>";
		};
/* End PBXGroup section */

/* Begin PBXNativeTarget section */
		7FA389C028A9EAEA006BB643 /* ZB_project01 */ = {
			isa = PBXNativeTarget;
			buildConfigurationList = 7FA389EB28A9EAEA006BB643 /* Build configuration list for PBXNativeTarget "ZB_project01" */;
			buildPhases = (
				7FA389BD28A9EAEA006BB643 /* Sources */,
				7FA389BE28A9EAEA006BB643 /* Frameworks */,
				7FA389BF28A9EAEA006BB643 /* Resources */,
			);
			buildRules = (
			);
			dependencies = (
			);
			name = ZB_project01;
			productName = ZB_project01;
			productReference = 7FA389C128A9EAEA006BB643 /* ZB_project01.app */;
			productType = "com.apple.product-type.application";
		};
		7FA389D628A9EAEA006BB643 /* ZB_project01Tests */ = {
			isa = PBXNativeTarget;
			buildConfigurationList = 7FA389EE28A9EAEA006BB643 /* Build configuration list for PBXNativeTarget "ZB_project01Tests" */;
			buildPhases = (
				7FA389D328A9EAEA006BB643 /* Sources */,
				7FA389D428A9EAEA006BB643 /* Frameworks */,
				7FA389D528A9EAEA006BB643 /* Resources */,
			);
			buildRules = (
			);
			dependencies = (
				7FA389D928A9EAEA006BB643 /* PBXTargetDependency */,
			);
			name = ZB_project01Tests;
			productName = ZB_project01Tests;
			productReference = 7FA389D728A9EAEA006BB643 /* ZB_project01Tests.xctest */;
			productType = "com.apple.product-type.bundle.unit-test";
		};
		7FA389E028A9EAEA006BB643 /* ZB_project01UITests */ = {
			isa = PBXNativeTarget;
			buildConfigurationList = 7FA389F128A9EAEA006BB643 /* Build configuration list for PBXNativeTarget "ZB_project01UITests" */;
			buildPhases = (
				7FA389DD28A9EAEA006BB643 /* Sources */,
				7FA389DE28A9EAEA006BB643 /* Frameworks */,
				7FA389DF28A9EAEA006BB643 /* Resources */,
			);
			buildRules = (
			);
			dependencies = (
				7FA389E328A9EAEA006BB643 /* PBXTargetDependency */,
			);
			name = ZB_project01UITests;
			productName = ZB_project01UITests;
			productReference = 7FA389E128A9EAEA006BB643 /* ZB_project01UITests.xctest */;
			productType = "com.apple.product-type.bundle.ui-testing";
		};
/* End PBXNativeTarget section */

/* Begin PBXProject section */
		7FA389B928A9EAEA006BB643 /* Project object */ = {
			isa = PBXProject;
			attributes = {
				BuildIndependentTargetsInParallel = 1;
				LastSwiftUpdateCheck = 1340;
				LastUpgradeCheck = 1340;
				TargetAttributes = {
					7FA389C028A9EAEA006BB643 = {
						CreatedOnToolsVersion = 13.4.1;
					};
					7FA389D628A9EAEA006BB643 = {
						CreatedOnToolsVersion = 13.4.1;
						TestTargetID = 7FA389C028A9EAEA006BB643;
					};
					7FA389E028A9EAEA006BB643 = {
						CreatedOnToolsVersion = 13.4.1;
						TestTargetID = 7FA389C028A9EAEA006BB643;
					};
				};
			};
			buildConfigurationList = 7FA389BC28A9EAEA006BB643 /* Build configuration list for PBXProject "ZB_project01" */;
			compatibilityVersion = "Xcode 13.0";
			developmentRegion = en;
			hasScannedForEncodings = 0;
			knownRegions = (
				en,
				Base,
			);
			mainGroup = 7FA389B828A9EAEA006BB643;
			productRefGroup = 7FA389C228A9EAEA006BB643 /* Products */;
			projectDirPath = "";
			projectRoot = "";
			targets = (
				7FA389C028A9EAEA006BB643 /* ZB_project01 */,
				7FA389D628A9EAEA006BB643 /* ZB_project01Tests */,
				7FA389E028A9EAEA006BB643 /* ZB_project01UITests */,
			);
		};
/* End PBXProject section */

/* Begin PBXResourcesBuildPhase section */
		7FA389BF28A9EAEA006BB643 /* Resources */ = {
			isa = PBXResourcesBuildPhase;
			buildActionMask = 2147483647;
			files = (
				7FA389D128A9EAEA006BB643 /* LaunchScreen.storyboard in Resources */,
				7FA389CE28A9EAEA006BB643 /* Assets.xcassets in Resources */,
				7FA389CC28A9EAEA006BB643 /* Main.storyboard in Resources */,
			);
			runOnlyForDeploymentPostprocessing = 0;
		};
		7FA389D528A9EAEA006BB643 /* Resources */ = {
			isa = PBXResourcesBuildPhase;
			buildActionMask = 2147483647;
			files = (
			);
			runOnlyForDeploymentPostprocessing = 0;
		};
		7FA389DF28A9EAEA006BB643 /* Resources */ = {
			isa = PBXResourcesBuildPhase;
			buildActionMask = 2147483647;
			files = (
			);
			runOnlyForDeploymentPostprocessing = 0;
		};
/* End PBXResourcesBuildPhase section */

/* Begin PBXSourcesBuildPhase section */
		7FA389BD28A9EAEA006BB643 /* Sources */ = {
			isa = PBXSourcesBuildPhase;
			buildActionMask = 2147483647;
			files = (
				7FA389C928A9EAEA006BB643 /* ViewController.swift in Sources */,
				7FA389C528A9EAEA006BB643 /* AppDelegate.swift in Sources */,
				7FA389C728A9EAEA006BB643 /* SceneDelegate.swift in Sources */,
			);
			runOnlyForDeploymentPostprocessing = 0;
		};
		7FA389D328A9EAEA006BB643 /* Sources */ = {
			isa = PBXSourcesBuildPhase;
			buildActionMask = 2147483647;
			files = (
				7FA389DC28A9EAEA006BB643 /* ZB_project01Tests.swift in Sources */,
			);
			runOnlyForDeploymentPostprocessing = 0;
		};
		7FA389DD28A9EAEA006BB643 /* Sources */ = {
			isa = PBXSourcesBuildPhase;
			buildActionMask = 2147483647;
			files = (
				7FA389E628A9EAEA006BB643 /* ZB_project01UITests.swift in Sources */,
				7FA389E828A9EAEA006BB643 /* ZB_project01UITestsLaunchTests.swift in Sources */,
			);
			runOnlyForDeploymentPostprocessing = 0;
		};
/* End PBXSourcesBuildPhase section */

/* Begin PBXTargetDependency section */
		7FA389D928A9EAEA006BB643 /* PBXTargetDependency */ = {
			isa = PBXTargetDependency;
			target = 7FA389C028A9EAEA006BB643 /* ZB_project01 */;
			targetProxy = 7FA389D828A9EAEA006BB643 /* PBXContainerItemProxy */;
		};
		7FA389E328A9EAEA006BB643 /* PBXTargetDependency */ = {
			isa = PBXTargetDependency;
			target = 7FA389C028A9EAEA006BB643 /* ZB_project01 */;
			targetProxy = 7FA389E228A9EAEA006BB643 /* PBXContainerItemProxy */;
		};
/* End PBXTargetDependency section */

/* Begin PBXVariantGroup section */
		7FA389CA28A9EAEA006BB643 /* Main.storyboard */ = {
			isa = PBXVariantGroup;
			children = (
				7FA389CB28A9EAEA006BB643 /* Base */,
			);
			name = Main.storyboard;
			sourceTree = "<group>";
		};
		7FA389CF28A9EAEA006BB643 /* LaunchScreen.storyboard */ = {
			isa = PBXVariantGroup;
			children = (
				7FA389D028A9EAEA006BB643 /* Base */,
			);
			name = LaunchScreen.storyboard;
			sourceTree = "<group>";
		};
/* End PBXVariantGroup section */

/* Begin XCBuildConfiguration section */
		7FA389E928A9EAEA006BB643 /* Debug */ = {
			isa = XCBuildConfiguration;
			buildSettings = {
				ALWAYS_SEARCH_USER_PATHS = NO;
				CLANG_ANALYZER_NONNULL = YES;
				CLANG_ANALYZER_NUMBER_OBJECT_CONVERSION = YES_AGGRESSIVE;
				CLANG_CXX_LANGUAGE_STANDARD = "gnu++17";
				CLANG_ENABLE_MODULES = YES;
				CLANG_ENABLE_OBJC_ARC = YES;
				CLANG_ENABLE_OBJC_WEAK = YES;
				CLANG_WARN_BLOCK_CAPTURE_AUTORELEASING = YES;
				CLANG_WARN_BOOL_CONVERSION = YES;
				CLANG_WARN_COMMA = YES;
				CLANG_WARN_CONSTANT_CONVERSION = YES;
				CLANG_WARN_DEPRECATED_OBJC_IMPLEMENTATIONS = YES;
				CLANG_WARN_DIRECT_OBJC_ISA_USAGE = YES_ERROR;
				CLANG_WARN_DOCUMENTATION_COMMENTS = YES;
				CLANG_WARN_EMPTY_BODY = YES;
				CLANG_WARN_ENUM_CONVERSION = YES;
				CLANG_WARN_INFINITE_RECURSION = YES;
				CLANG_WARN_INT_CONVERSION = YES;
				CLANG_WARN_NON_LITERAL_NULL_CONVERSION = YES;
				CLANG_WARN_OBJC_IMPLICIT_RETAIN_SELF = YES;
				CLANG_WARN_OBJC_LITERAL_CONVERSION = YES;
				CLANG_WARN_OBJC_ROOT_CLASS = YES_ERROR;
				CLANG_WARN_QUOTED_INCLUDE_IN_FRAMEWORK_HEADER = YES;
				CLANG_WARN_RANGE_LOOP_ANALYSIS = YES;
				CLANG_WARN_STRICT_PROTOTYPES = YES;
				CLANG_WARN_SUSPICIOUS_MOVE = YES;
				CLANG_WARN_UNGUARDED_AVAILABILITY = YES_AGGRESSIVE;
				CLANG_WARN_UNREACHABLE_CODE = YES;
				CLANG_WARN__DUPLICATE_METHOD_MATCH = YES;
				COPY_PHASE_STRIP = NO;
				DEBUG_INFORMATION_FORMAT = dwarf;
				ENABLE_STRICT_OBJC_MSGSEND = YES;
				ENABLE_TESTABILITY = YES;
				GCC_C_LANGUAGE_STANDARD = gnu11;
				GCC_DYNAMIC_NO_PIC = NO;
				GCC_NO_COMMON_BLOCKS = YES;
				GCC_OPTIMIZATION_LEVEL = 0;
				GCC_PREPROCESSOR_DEFINITIONS = (
					"DEBUG=1",
					"$(inherited)",
				);
				GCC_WARN_64_TO_32_BIT_CONVERSION = YES;
				GCC_WARN_ABOUT_RETURN_TYPE = YES_ERROR;
				GCC_WARN_UNDECLARED_SELECTOR = YES;
				GCC_WARN_UNINITIALIZED_AUTOS = YES_AGGRESSIVE;
				GCC_WARN_UNUSED_FUNCTION = YES;
				GCC_WARN_UNUSED_VARIABLE = YES;
				IPHONEOS_DEPLOYMENT_TARGET = 15.5;
				MTL_ENABLE_DEBUG_INFO = INCLUDE_SOURCE;
				MTL_FAST_MATH = YES;
				ONLY_ACTIVE_ARCH = YES;
				SDKROOT = iphoneos;
				SWIFT_ACTIVE_COMPILATION_CONDITIONS = DEBUG;
				SWIFT_OPTIMIZATION_LEVEL = "-Onone";
			};
			name = Debug;
		};
		7FA389EA28A9EAEA006BB643 /* Release */ = {
			isa = XCBuildConfiguration;
			buildSettings = {
				ALWAYS_SEARCH_USER_PATHS = NO;
				CLANG_ANALYZER_NONNULL = YES;
				CLANG_ANALYZER_NUMBER_OBJECT_CONVERSION = YES_AGGRESSIVE;
				CLANG_CXX_LANGUAGE_STANDARD = "gnu++17";
				CLANG_ENABLE_MODULES = YES;
				CLANG_ENABLE_OBJC_ARC = YES;
				CLANG_ENABLE_OBJC_WEAK = YES;
				CLANG_WARN_BLOCK_CAPTURE_AUTORELEASING = YES;
				CLANG_WARN_BOOL_CONVERSION = YES;
				CLANG_WARN_COMMA = YES;
				CLANG_WARN_CONSTANT_CONVERSION = YES;
				CLANG_WARN_DEPRECATED_OBJC_IMPLEMENTATIONS = YES;
				CLANG_WARN_DIRECT_OBJC_ISA_USAGE = YES_ERROR;
				CLANG_WARN_DOCUMENTATION_COMMENTS = YES;
				CLANG_WARN_EMPTY_BODY = YES;
				CLANG_WARN_ENUM_CONVERSION = YES;
				CLANG_WARN_INFINITE_RECURSION = YES;
				CLANG_WARN_INT_CONVERSION = YES;
				CLANG_WARN_NON_LITERAL_NULL_CONVERSION = YES;
				CLANG_WARN_OBJC_IMPLICIT_RETAIN_SELF = YES;
				CLANG_WARN_OBJC_LITERAL_CONVERSION = YES;
				CLANG_WARN_OBJC_ROOT_CLASS = YES_ERROR;
				CLANG_WARN_QUOTED_INCLUDE_IN_FRAMEWORK_HEADER = YES;
				CLANG_WARN_RANGE_LOOP_ANALYSIS = YES;
				CLANG_WARN_STRICT_PROTOTYPES = YES;
				CLANG_WARN_SUSPICIOUS_MOVE = YES;
				CLANG_WARN_UNGUARDED_AVAILABILITY = YES_AGGRESSIVE;
				CLANG_WARN_UNREACHABLE_CODE = YES;
				CLANG_WARN__DUPLICATE_METHOD_MATCH = YES;
				COPY_PHASE_STRIP = NO;
				DEBUG_INFORMATION_FORMAT = "dwarf-with-dsym";
				ENABLE_NS_ASSERTIONS = NO;
				ENABLE_STRICT_OBJC_MSGSEND = YES;
				GCC_C_LANGUAGE_STANDARD = gnu11;
				GCC_NO_COMMON_BLOCKS = YES;
				GCC_WARN_64_TO_32_BIT_CONVERSION = YES;
				GCC_WARN_ABOUT_RETURN_TYPE = YES_ERROR;
				GCC_WARN_UNDECLARED_SELECTOR = YES;
				GCC_WARN_UNINITIALIZED_AUTOS = YES_AGGRESSIVE;
				GCC_WARN_UNUSED_FUNCTION = YES;
				GCC_WARN_UNUSED_VARIABLE = YES;
				IPHONEOS_DEPLOYMENT_TARGET = 15.5;
				MTL_ENABLE_DEBUG_INFO = NO;
				MTL_FAST_MATH = YES;
				SDKROOT = iphoneos;
				SWIFT_COMPILATION_MODE = wholemodule;
				SWIFT_OPTIMIZATION_LEVEL = "-O";
				VALIDATE_PRODUCT = YES;
			};
			name = Release;
		};
		7FA389EC28A9EAEA006BB643 /* Debug */ = {
			isa = XCBuildConfiguration;
			buildSettings = {
				ASSETCATALOG_COMPILER_APPICON_NAME = AppIcon;
				ASSETCATALOG_COMPILER_GLOBAL_ACCENT_COLOR_NAME = AccentColor;
				CODE_SIGN_STYLE = Automatic;
				CURRENT_PROJECT_VERSION = 1;
				DEVELOPMENT_TEAM = SZ3D45K887;
				GENERATE_INFOPLIST_FILE = YES;
				INFOPLIST_FILE = ZB_project01/Info.plist;
				INFOPLIST_KEY_UIApplicationSupportsIndirectInputEvents = YES;
				INFOPLIST_KEY_UILaunchStoryboardName = LaunchScreen;
				INFOPLIST_KEY_UIMainStoryboardFile = Main;
				INFOPLIST_KEY_UISupportedInterfaceOrientations_iPad = "UIInterfaceOrientationPortrait UIInterfaceOrientationPortraitUpsideDown UIInterfaceOrientationLandscapeLeft UIInterfaceOrientationLandscapeRight";
				INFOPLIST_KEY_UISupportedInterfaceOrientations_iPhone = "UIInterfaceOrientationPortrait UIInterfaceOrientationLandscapeLeft UIInterfaceOrientationLandscapeRight";
				LD_RUNPATH_SEARCH_PATHS = (
					"$(inherited)",
					"@executable_path/Frameworks",
				);
				MARKETING_VERSION = 1.0;
				PRODUCT_BUNDLE_IDENTIFIER = "none.ZB-project01";
				PRODUCT_NAME = "$(TARGET_NAME)";
				SWIFT_EMIT_LOC_STRINGS = YES;
				SWIFT_VERSION = 5.0;
				TARGETED_DEVICE_FAMILY = "1,2";
			};
			name = Debug;
		};
		7FA389ED28A9EAEA006BB643 /* Release */ = {
			isa = XCBuildConfiguration;
			buildSettings = {
				ASSETCATALOG_COMPILER_APPICON_NAME = AppIcon;
				ASSETCATALOG_COMPILER_GLOBAL_ACCENT_COLOR_NAME = AccentColor;
				CODE_SIGN_STYLE = Automatic;
				CURRENT_PROJECT_VERSION = 1;
				DEVELOPMENT_TEAM = SZ3D45K887;
				GENERATE_INFOPLIST_FILE = YES;
				INFOPLIST_FILE = ZB_project01/Info.plist;
				INFOPLIST_KEY_UIApplicationSupportsIndirectInputEvents = YES;
				INFOPLIST_KEY_UILaunchStoryboardName = LaunchScreen;
				INFOPLIST_KEY_UIMainStoryboardFile = Main;
				INFOPLIST_KEY_UISupportedInterfaceOrientations_iPad = "UIInterfaceOrientationPortrait UIInterfaceOrientationPortraitUpsideDown UIInterfaceOrientationLandscapeLeft UIInterfaceOrientationLandscapeRight";
				INFOPLIST_KEY_UISupportedInterfaceOrientations_iPhone = "UIInterfaceOrientationPortrait UIInterfaceOrientationLandscapeLeft UIInterfaceOrientationLandscapeRight";
				LD_RUNPATH_SEARCH_PATHS = (
					"$(inherited)",
					"@executable_path/Frameworks",
				);
				MARKETING_VERSION = 1.0;
				PRODUCT_BUNDLE_IDENTIFIER = "none.ZB-project01";
				PRODUCT_NAME = "$(TARGET_NAME)";
				SWIFT_EMIT_LOC_STRINGS = YES;
				SWIFT_VERSION = 5.0;
				TARGETED_DEVICE_FAMILY = "1,2";
			};
			name = Release;
		};
		7FA389EF28A9EAEA006BB643 /* Debug */ = {
			isa = XCBuildConfiguration;
			buildSettings = {
				ALWAYS_EMBED_SWIFT_STANDARD_LIBRARIES = YES;
				BUNDLE_LOADER = "$(TEST_HOST)";
				CODE_SIGN_STYLE = Automatic;
				CURRENT_PROJECT_VERSION = 1;
				DEVELOPMENT_TEAM = SZ3D45K887;
				GENERATE_INFOPLIST_FILE = YES;
				IPHONEOS_DEPLOYMENT_TARGET = 15.5;
				MARKETING_VERSION = 1.0;
				PRODUCT_BUNDLE_IDENTIFIER = "none.ZB-project01Tests";
				PRODUCT_NAME = "$(TARGET_NAME)";
				SWIFT_EMIT_LOC_STRINGS = NO;
				SWIFT_VERSION = 5.0;
				TARGETED_DEVICE_FAMILY = "1,2";
				TEST_HOST = "$(BUILT_PRODUCTS_DIR)/ZB_project01.app/ZB_project01";
			};
			name = Debug;
		};
		7FA389F028A9EAEA006BB643 /* Release */ = {
			isa = XCBuildConfiguration;
			buildSettings = {
				ALWAYS_EMBED_SWIFT_STANDARD_LIBRARIES = YES;
				BUNDLE_LOADER = "$(TEST_HOST)";
				CODE_SIGN_STYLE = Automatic;
				CURRENT_PROJECT_VERSION = 1;
				DEVELOPMENT_TEAM = SZ3D45K887;
				GENERATE_INFOPLIST_FILE = YES;
				IPHONEOS_DEPLOYMENT_TARGET = 15.5;
				MARKETING_VERSION = 1.0;
				PRODUCT_BUNDLE_IDENTIFIER = "none.ZB-project01Tests";
				PRODUCT_NAME = "$(TARGET_NAME)";
				SWIFT_EMIT_LOC_STRINGS = NO;
				SWIFT_VERSION = 5.0;
				TARGETED_DEVICE_FAMILY = "1,2";
				TEST_HOST = "$(BUILT_PRODUCTS_DIR)/ZB_project01.app/ZB_project01";
			};
			name = Release;
		};
		7FA389F228A9EAEA006BB643 /* Debug */ = {
			isa = XCBuildConfiguration;
			buildSettings = {
				ALWAYS_EMBED_SWIFT_STANDARD_LIBRARIES = YES;
				CODE_SIGN_STYLE = Automatic;
				CURRENT_PROJECT_VERSION = 1;
				DEVELOPMENT_TEAM = SZ3D45K887;
				GENERATE_INFOPLIST_FILE = YES;
				MARKETING_VERSION = 1.0;
				PRODUCT_BUNDLE_IDENTIFIER = "none.ZB-project01UITests";
				PRODUCT_NAME = "$(TARGET_NAME)";
				SWIFT_EMIT_LOC_STRINGS = NO;
				SWIFT_VERSION = 5.0;
				TARGETED_DEVICE_FAMILY = "1,2";
				TEST_TARGET_NAME = ZB_project01;
			};
			name = Debug;
		};
		7FA389F328A9EAEA006BB643 /* Release */ = {
			isa = XCBuildConfiguration;
			buildSettings = {
				ALWAYS_EMBED_SWIFT_STANDARD_LIBRARIES = YES;
				CODE_SIGN_STYLE = Automatic;
				CURRENT_PROJECT_VERSION = 1;
				DEVELOPMENT_TEAM = SZ3D45K887;
				GENERATE_INFOPLIST_FILE = YES;
				MARKETING_VERSION = 1.0;
				PRODUCT_BUNDLE_IDENTIFIER = "none.ZB-project01UITests";
				PRODUCT_NAME = "$(TARGET_NAME)";
				SWIFT_EMIT_LOC_STRINGS = NO;
				SWIFT_VERSION = 5.0;
				TARGETED_DEVICE_FAMILY = "1,2";
				TEST_TARGET_NAME = ZB_project01;
			};
			name = Release;
		};
/* End XCBuildConfiguration section */

/* Begin XCConfigurationList section */
		7FA389BC28A9EAEA006BB643 /* Build configuration list for PBXProject "ZB_project01" */ = {
			isa = XCConfigurationList;
			buildConfigurations = (
				7FA389E928A9EAEA006BB643 /* Debug */,
				7FA389EA28A9EAEA006BB643 /* Release */,
			);
			defaultConfigurationIsVisible = 0;
			defaultConfigurationName = Release;
		};
		7FA389EB28A9EAEA006BB643 /* Build configuration list for PBXNativeTarget "ZB_project01" */ = {
			isa = XCConfigurationList;
			buildConfigurations = (
				7FA389EC28A9EAEA006BB643 /* Debug */,
				7FA389ED28A9EAEA006BB643 /* Release */,
			);
			defaultConfigurationIsVisible = 0;
			defaultConfigurationName = Release;
		};
		7FA389EE28A9EAEA006BB643 /* Build configuration list for PBXNativeTarget "ZB_project01Tests" */ = {
			isa = XCConfigurationList;
			buildConfigurations = (
				7FA389EF28A9EAEA006BB643 /* Debug */,
				7FA389F028A9EAEA006BB643 /* Release */,
			);
			defaultConfigurationIsVisible = 0;
			defaultConfigurationName = Release;
		};
		7FA389F128A9EAEA006BB643 /* Build configuration list for PBXNativeTarget "ZB_project01UITests" */ = {
			isa = XCConfigurationList;
			buildConfigurations = (
				7FA389F228A9EAEA006BB643 /* Debug */,
				7FA389F328A9EAEA006BB643 /* Release */,
			);
			defaultConfigurationIsVisible = 0;
			defaultConfigurationName = Release;
		};
/* End XCConfigurationList section */
	};
	rootObject = 7FA389B928A9EAEA006BB643 /* Project object */;
}
